Microsoft Visual Studio Solution File, Format Version 11.00
# Visual Studio 2008

Project("{D026F617-52BE-601C-52BC-44945A63E4C3}") = "cvarc-unity", "Assembly-CSharp-firstpass-vs.csproj", "{AD9C4ECC-6D0E-51A9-92ED-3806A8ADD89D}"
EndProject
Project("{D026F617-52BE-601C-52BC-44945A63E4C3}") = "cvarc-unity", "Assembly-CSharp-vs.csproj", "{E0D40AD3-F688-08E6-C05A-E60D4ADBD120}"
EndProject
Global
	GlobalSection(SolutionConfigurationPlatforms) = preSolution
		Debug|Any CPU = Debug|Any CPU
		Release|Any CPU = Release|Any CPU
	EndGlobalSection
	GlobalSection(ProjectConfigurationPlatforms) = postSolution
		{AD9C4ECC-6D0E-51A9-92ED-3806A8ADD89D}.Debug|Any CPU.ActiveCfg = Debug|Any CPU
		{AD9C4ECC-6D0E-51A9-92ED-3806A8ADD89D}.Debug|Any CPU.Build.0 = Debug|Any CPU
		{AD9C4ECC-6D0E-51A9-92ED-3806A8ADD89D}.Release|Any CPU.ActiveCfg = Release|Any CPU
		{AD9C4ECC-6D0E-51A9-92ED-3806A8ADD89D}.Release|Any CPU.Build.0 = Release|Any CPU
		{E0D40AD3-F688-08E6-C05A-E60D4ADBD120}.Debug|Any CPU.ActiveCfg = Debug|Any CPU
		{E0D40AD3-F688-08E6-C05A-E60D4ADBD120}.Debug|Any CPU.Build.0 = Debug|Any CPU
		{E0D40AD3-F688-08E6-C05A-E60D4ADBD120}.Release|Any CPU.ActiveCfg = Release|Any CPU
		{E0D40AD3-F688-08E6-C05A-E60D4ADBD120}.Release|Any CPU.Build.0 = Release|Any CPU
	EndGlobalSection
	GlobalSection(SolutionProperties) = preSolution
		HideSolutionNode = FALSE
	EndGlobalSection
																																																																					GlobalSection(MonoDevelopProperties) = preSolution
=======
																						GlobalSection(MonoDevelopProperties) = preSolution
>>>>>>> 62f20e1c328353deb0fd46086bc050344698a7a6
		StartupItem = Assembly-CSharp.csproj
		Policies = $0
		$0.TextStylePolicy = $1
		$1.inheritsSet = null
		$1.scope = text/x-csharp
		$0.CSharpFormattingPolicy = $2
		$2.inheritsSet = Mono
		$2.inheritsScope = text/x-csharp
		$2.scope = text/x-csharp
		$0.TextStylePolicy = $3
		$3.FileWidth = 120
		$3.TabWidth = 4
		$3.EolMarker = Unix
		$3.inheritsSet = Mono
		$3.inheritsScope = text/plain
		$3.scope = text/plain
	EndGlobalSection

EndGlobal
