
Microsoft Visual Studio Solution File, Format Version 12.00
# Visual Studio 2012
Project("{FAE04EC0-301F-11D3-BF4B-00C04F79EFBC}") = "UnityVS.cvarc-unity.CSharp", "UnityVS.cvarc-unity.CSharp.csproj", "{309E7D97-3365-A750-763E-68853CDFF858}"
EndProject
Global
	GlobalSection(SolutionConfigurationPlatforms) = preSolution
		Debug|Any CPU = Debug|Any CPU
		Release|Any CPU = Release|Any CPU
	EndGlobalSection
	GlobalSection(ProjectConfigurationPlatforms) = postSolution
		{309E7D97-3365-A750-763E-68853CDFF858}.Debug|Any CPU.ActiveCfg = Debug|Any CPU
		{309E7D97-3365-A750-763E-68853CDFF858}.Debug|Any CPU.Build.0 = Debug|Any CPU
		{309E7D97-3365-A750-763E-68853CDFF858}.Release|Any CPU.ActiveCfg = Release|Any CPU
		{309E7D97-3365-A750-763E-68853CDFF858}.Release|Any CPU.Build.0 = Release|Any CPU
	EndGlobalSection
	GlobalSection(SolutionProperties) = preSolution
		HideSolutionNode = FALSE
	EndGlobalSection
EndGlobal
